
Microsoft Visual Studio Solution File, Format Version 12.00
# Visual Studio 15
VisualStudioVersion = 15.0.27004.2008
MinimumVisualStudioVersion = 10.0.40219.1
Project("{FAE04EC0-301F-11D3-BF4B-00C04F79EFBC}") = "Sonarr Scanner", "SonarrScanner\Sonarr Scanner.csproj", "{2067D20B-6B8B-4469-9830-62508875680D}"
EndProject
Global
	GlobalSection(SolutionConfigurationPlatforms) = preSolution
		Debug|Any CPU = Debug|Any CPU
		Release|Any CPU = Release|Any CPU
	EndGlobalSection
	GlobalSection(ProjectConfigurationPlatforms) = postSolution
		{2067D20B-6B8B-4469-9830-62508875680D}.Debug|Any CPU.ActiveCfg = Debug|Any CPU
		{2067D20B-6B8B-4469-9830-62508875680D}.Debug|Any CPU.Build.0 = Debug|Any CPU
		{2067D20B-6B8B-4469-9830-62508875680D}.Release|Any CPU.ActiveCfg = Release|Any CPU
		{2067D20B-6B8B-4469-9830-62508875680D}.Release|Any CPU.Build.0 = Release|Any CPU
	EndGlobalSection
	GlobalSection(SolutionProperties) = preSolution
		HideSolutionNode = FALSE
	EndGlobalSection
	GlobalSection(ExtensibilityGlobals) = postSolution
		SolutionGuid = {D76ADCAC-0F54-44D9-A4DC-5F2D0ADA7857}
	EndGlobalSection
EndGlobal
